
Microsoft Visual Studio Solution File, Format Version 12.00
# Visual Studio Version 16
VisualStudioVersion = 16.0.30114.105
MinimumVisualStudioVersion = 10.0.40219.1
Project("{FAE04EC0-301F-11D3-BF4B-00C04F79EFBC}") = "IckleUrl", "IckleUrl\IckleUrl.csproj", "{D81D00A1-09F7-4DDD-8BCB-74149134FF7B}"
EndProject
Project("{9A19103F-16F7-4668-BE54-9A1E7A4F7556}") = "IckleUrl.Entities", "IckleUrl.Entities\IckleUrl.Entities.csproj", "{1B4DF97D-4B1F-44E8-B3AA-0FBDCEEA1DF9}"
EndProject
Project("{9A19103F-16F7-4668-BE54-9A1E7A4F7556}") = "IckleUrl.Service", "IckleUrl.Service\IckleUrl.Service.csproj", "{BF2CCEF2-58BF-4351-A9CD-3466E51AC2C8}"
EndProject
Project("{FAE04EC0-301F-11D3-BF4B-00C04F79EFBC}") = "IckleUrl.Context", "IckleUrl.Context\IckleUrl.Context.csproj", "{7DDE45AD-76B2-4CE5-9F7B-FFCD81FC7648}"
EndProject
Project("{FAE04EC0-301F-11D3-BF4B-00C04F79EFBC}") = "IckleUrl.Tests", "IckleUrl.Tests\IckleUrl.Tests.csproj", "{252216F9-7AB2-41CA-844D-60E7AEC046CD}"
EndProject
Global
	GlobalSection(SolutionConfigurationPlatforms) = preSolution
		Debug|Any CPU = Debug|Any CPU
		Release|Any CPU = Release|Any CPU
	EndGlobalSection
	GlobalSection(ProjectConfigurationPlatforms) = postSolution
		{D81D00A1-09F7-4DDD-8BCB-74149134FF7B}.Debug|Any CPU.ActiveCfg = Debug|Any CPU
		{D81D00A1-09F7-4DDD-8BCB-74149134FF7B}.Debug|Any CPU.Build.0 = Debug|Any CPU
		{D81D00A1-09F7-4DDD-8BCB-74149134FF7B}.Release|Any CPU.ActiveCfg = Release|Any CPU
		{D81D00A1-09F7-4DDD-8BCB-74149134FF7B}.Release|Any CPU.Build.0 = Release|Any CPU
		{1B4DF97D-4B1F-44E8-B3AA-0FBDCEEA1DF9}.Debug|Any CPU.ActiveCfg = Debug|Any CPU
		{1B4DF97D-4B1F-44E8-B3AA-0FBDCEEA1DF9}.Debug|Any CPU.Build.0 = Debug|Any CPU
		{1B4DF97D-4B1F-44E8-B3AA-0FBDCEEA1DF9}.Release|Any CPU.ActiveCfg = Release|Any CPU
		{1B4DF97D-4B1F-44E8-B3AA-0FBDCEEA1DF9}.Release|Any CPU.Build.0 = Release|Any CPU
		{BF2CCEF2-58BF-4351-A9CD-3466E51AC2C8}.Debug|Any CPU.ActiveCfg = Debug|Any CPU
		{BF2CCEF2-58BF-4351-A9CD-3466E51AC2C8}.Debug|Any CPU.Build.0 = Debug|Any CPU
		{BF2CCEF2-58BF-4351-A9CD-3466E51AC2C8}.Release|Any CPU.ActiveCfg = Release|Any CPU
		{BF2CCEF2-58BF-4351-A9CD-3466E51AC2C8}.Release|Any CPU.Build.0 = Release|Any CPU
		{7DDE45AD-76B2-4CE5-9F7B-FFCD81FC7648}.Debug|Any CPU.ActiveCfg = Debug|Any CPU
		{7DDE45AD-76B2-4CE5-9F7B-FFCD81FC7648}.Debug|Any CPU.Build.0 = Debug|Any CPU
		{7DDE45AD-76B2-4CE5-9F7B-FFCD81FC7648}.Release|Any CPU.ActiveCfg = Release|Any CPU
		{7DDE45AD-76B2-4CE5-9F7B-FFCD81FC7648}.Release|Any CPU.Build.0 = Release|Any CPU
		{252216F9-7AB2-41CA-844D-60E7AEC046CD}.Debug|Any CPU.ActiveCfg = Debug|Any CPU
		{252216F9-7AB2-41CA-844D-60E7AEC046CD}.Debug|Any CPU.Build.0 = Debug|Any CPU
		{252216F9-7AB2-41CA-844D-60E7AEC046CD}.Release|Any CPU.ActiveCfg = Release|Any CPU
		{252216F9-7AB2-41CA-844D-60E7AEC046CD}.Release|Any CPU.Build.0 = Release|Any CPU
	EndGlobalSection
	GlobalSection(SolutionProperties) = preSolution
		HideSolutionNode = FALSE
	EndGlobalSection
	GlobalSection(ExtensibilityGlobals) = postSolution
		SolutionGuid = {AC3F0A65-C145-4E31-8A76-C0BA0BEEF74B}
	EndGlobalSection
EndGlobal
